
Microsoft Visual Studio Solution File, Format Version 12.00
# Visual Studio Version 17
VisualStudioVersion = 17.1.32407.343
MinimumVisualStudioVersion = 10.0.40219.1
Project("{FAE04EC0-301F-11D3-BF4B-00C04F79EFBC}") = "General tutorial stuff", "General tutorial stuff\General tutorial stuff.csproj", "{A6391090-17CB-4682-B51D-A0E55B4B11FF}"
EndProject
Global
	GlobalSection(SolutionConfigurationPlatforms) = preSolution
		Debug|Any CPU = Debug|Any CPU
		Release|Any CPU = Release|Any CPU
	EndGlobalSection
	GlobalSection(ProjectConfigurationPlatforms) = postSolution
		{A6391090-17CB-4682-B51D-A0E55B4B11FF}.Debug|Any CPU.ActiveCfg = Debug|Any CPU
		{A6391090-17CB-4682-B51D-A0E55B4B11FF}.Debug|Any CPU.Build.0 = Debug|Any CPU
		{A6391090-17CB-4682-B51D-A0E55B4B11FF}.Release|Any CPU.ActiveCfg = Release|Any CPU
		{A6391090-17CB-4682-B51D-A0E55B4B11FF}.Release|Any CPU.Build.0 = Release|Any CPU
	EndGlobalSection
	GlobalSection(SolutionProperties) = preSolution
		HideSolutionNode = FALSE
	EndGlobalSection
	GlobalSection(ExtensibilityGlobals) = postSolution
		SolutionGuid = {7E25BB97-4554-43C4-B4EA-0EC9B7E6C8CE}
	EndGlobalSection
EndGlobal
