
Microsoft Visual Studio Solution File, Format Version 12.00
# Visual Studio Version 17
VisualStudioVersion = 17.1.32407.343
MinimumVisualStudioVersion = 10.0.40219.1
Project("{9A19103F-16F7-4668-BE54-9A1E7A4F7556}") = "Codewars", "InheritanceDemo\Codewars.csproj", "{F10813AE-2140-4187-9839-A124A43EEA96}"
EndProject
Global
	GlobalSection(SolutionConfigurationPlatforms) = preSolution
		Debug|Any CPU = Debug|Any CPU
		Release|Any CPU = Release|Any CPU
	EndGlobalSection
	GlobalSection(ProjectConfigurationPlatforms) = postSolution
		{F10813AE-2140-4187-9839-A124A43EEA96}.Debug|Any CPU.ActiveCfg = Debug|Any CPU
		{F10813AE-2140-4187-9839-A124A43EEA96}.Debug|Any CPU.Build.0 = Debug|Any CPU
		{F10813AE-2140-4187-9839-A124A43EEA96}.Release|Any CPU.ActiveCfg = Release|Any CPU
		{F10813AE-2140-4187-9839-A124A43EEA96}.Release|Any CPU.Build.0 = Release|Any CPU
	EndGlobalSection
	GlobalSection(SolutionProperties) = preSolution
		HideSolutionNode = FALSE
	EndGlobalSection
	GlobalSection(ExtensibilityGlobals) = postSolution
		SolutionGuid = {BBF1A806-74B3-4CB1-A9B6-A430DAB6B885}
	EndGlobalSection
EndGlobal
