
Microsoft Visual Studio Solution File, Format Version 12.00
# Visual Studio Version 17
VisualStudioVersion = 17.2.32519.379
MinimumVisualStudioVersion = 10.0.40219.1
Project("{FAE04EC0-301F-11D3-BF4B-00C04F79EFBC}") = "Linq1", "Linq1\Linq1.csproj", "{3C1EAC3C-C6FF-4556-BE2E-3440FF2613B2}"
EndProject
Global
	GlobalSection(SolutionConfigurationPlatforms) = preSolution
		Debug|Any CPU = Debug|Any CPU
		Release|Any CPU = Release|Any CPU
	EndGlobalSection
	GlobalSection(ProjectConfigurationPlatforms) = postSolution
		{3C1EAC3C-C6FF-4556-BE2E-3440FF2613B2}.Debug|Any CPU.ActiveCfg = Debug|Any CPU
		{3C1EAC3C-C6FF-4556-BE2E-3440FF2613B2}.Debug|Any CPU.Build.0 = Debug|Any CPU
		{3C1EAC3C-C6FF-4556-BE2E-3440FF2613B2}.Release|Any CPU.ActiveCfg = Release|Any CPU
		{3C1EAC3C-C6FF-4556-BE2E-3440FF2613B2}.Release|Any CPU.Build.0 = Release|Any CPU
	EndGlobalSection
	GlobalSection(SolutionProperties) = preSolution
		HideSolutionNode = FALSE
	EndGlobalSection
	GlobalSection(ExtensibilityGlobals) = postSolution
		SolutionGuid = {9EFE8832-DAEA-43AD-B819-2D832D65AE53}
	EndGlobalSection
EndGlobal
